
Microsoft Visual Studio Solution File, Format Version 12.00
Project("{2150E333-8FDC-42A3-9474-1A3956D46DE8}") = "Accounts", "Accounts", "{3E548EE5-4450-4445-BFC6-B7F906B11147}"
EndProject
Project("{2150E333-8FDC-42A3-9474-1A3956D46DE8}") = "Transactions", "Transactions", "{2E85C327-0EFE-40B5-A6CF-6901CD4535A4}"
EndProject
Project("{FAE04EC0-301F-11D3-BF4B-00C04F79EFBC}") = "Blauw.Accounts.Abstractions", "src\Blauw.Accounts\Blauw.Accounts.Abstractions\Blauw.Accounts.Abstractions.csproj", "{AAC46F79-57A6-4E96-9B81-3790691449D3}"
EndProject
Project("{FAE04EC0-301F-11D3-BF4B-00C04F79EFBC}") = "Blauw.Transactions.Abstractions", "src\Blauw.Transactions\Blauw.Transactions.Abstractions\Blauw.Transactions.Abstractions.csproj", "{714CA85F-9505-486F-BCBD-CB5D7B4EFDFA}"
EndProject
Project("{FAE04EC0-301F-11D3-BF4B-00C04F79EFBC}") = "Blauw.Accounts.Application", "src\Blauw.Accounts\Blauw.Accounts.Application\Blauw.Accounts.Application.csproj", "{836B45A5-87A7-43F8-B3D2-BFBD7C938639}"
EndProject
Project("{FAE04EC0-301F-11D3-BF4B-00C04F79EFBC}") = "Blauw.Accounts.Infrastructure", "src\Blauw.Accounts\Blauw.Accounts.Infrastructure\Blauw.Accounts.Infrastructure.csproj", "{180DDFFB-E244-4D8B-A606-5D1E2106F4C8}"
EndProject
Project("{FAE04EC0-301F-11D3-BF4B-00C04F79EFBC}") = "Blauw.Transactions.Application", "src\Blauw.Transactions\Blauw.Transactions.Application\Blauw.Transactions.Application.csproj", "{A23CD45F-2E28-451E-AE95-4B0A1BA35A7A}"
EndProject
Project("{FAE04EC0-301F-11D3-BF4B-00C04F79EFBC}") = "Blauw.Transactions.Infrastructure", "src\Blauw.Transactions\Blauw.Transactions.Infrastructure\Blauw.Transactions.Infrastructure.csproj", "{E805DBEA-DE55-4A61-AD71-79D541C707F4}"
EndProject
Project("{FAE04EC0-301F-11D3-BF4B-00C04F79EFBC}") = "Blauw.Accounts.FunctionApp", "src\Blauw.Accounts\Blauw.Accounts.FunctionApp\Blauw.Accounts.FunctionApp.csproj", "{297F1571-3027-4611-8685-590102C87526}"
EndProject
Project("{FAE04EC0-301F-11D3-BF4B-00C04F79EFBC}") = "Blauw.Transactions.FunctionApp", "src\Blauw.Transactions\Blauw.Transactions.FunctionApp\Blauw.Transactions.FunctionApp.csproj", "{9338C6B5-89CD-45FE-A6F3-5A5F16EA9499}"
EndProject
Project("{2150E333-8FDC-42A3-9474-1A3956D46DE8}") = "Common", "Common", "{33DE3385-5AB4-409F-9F62-A03B502528F1}"
EndProject
Project("{FAE04EC0-301F-11D3-BF4B-00C04F79EFBC}") = "Blauw.Common.Abstractions", "src\Blauw.Common\Blauw.Common.Abstractions\Blauw.Common.Abstractions.csproj", "{91DC23B3-8D7C-43CF-B900-213C1AAA034A}"
EndProject
Project("{FAE04EC0-301F-11D3-BF4B-00C04F79EFBC}") = "Blauw.Common.Infrastructure", "src\Blauw.Common\Blauw.Common.Infrastructure\Blauw.Common.Infrastructure.csproj", "{272D046F-2505-4773-BBBA-A33EECE5151A}"
EndProject
Global
	GlobalSection(SolutionConfigurationPlatforms) = preSolution
		Debug|Any CPU = Debug|Any CPU
		Release|Any CPU = Release|Any CPU
	EndGlobalSection
	GlobalSection(ProjectConfigurationPlatforms) = postSolution
		{AAC46F79-57A6-4E96-9B81-3790691449D3}.Debug|Any CPU.ActiveCfg = Debug|Any CPU
		{AAC46F79-57A6-4E96-9B81-3790691449D3}.Debug|Any CPU.Build.0 = Debug|Any CPU
		{AAC46F79-57A6-4E96-9B81-3790691449D3}.Release|Any CPU.ActiveCfg = Release|Any CPU
		{AAC46F79-57A6-4E96-9B81-3790691449D3}.Release|Any CPU.Build.0 = Release|Any CPU
		{714CA85F-9505-486F-BCBD-CB5D7B4EFDFA}.Debug|Any CPU.ActiveCfg = Debug|Any CPU
		{714CA85F-9505-486F-BCBD-CB5D7B4EFDFA}.Debug|Any CPU.Build.0 = Debug|Any CPU
		{714CA85F-9505-486F-BCBD-CB5D7B4EFDFA}.Release|Any CPU.ActiveCfg = Release|Any CPU
		{714CA85F-9505-486F-BCBD-CB5D7B4EFDFA}.Release|Any CPU.Build.0 = Release|Any CPU
		{836B45A5-87A7-43F8-B3D2-BFBD7C938639}.Debug|Any CPU.ActiveCfg = Debug|Any CPU
		{836B45A5-87A7-43F8-B3D2-BFBD7C938639}.Debug|Any CPU.Build.0 = Debug|Any CPU
		{836B45A5-87A7-43F8-B3D2-BFBD7C938639}.Release|Any CPU.ActiveCfg = Release|Any CPU
		{836B45A5-87A7-43F8-B3D2-BFBD7C938639}.Release|Any CPU.Build.0 = Release|Any CPU
		{180DDFFB-E244-4D8B-A606-5D1E2106F4C8}.Debug|Any CPU.ActiveCfg = Debug|Any CPU
		{180DDFFB-E244-4D8B-A606-5D1E2106F4C8}.Debug|Any CPU.Build.0 = Debug|Any CPU
		{180DDFFB-E244-4D8B-A606-5D1E2106F4C8}.Release|Any CPU.ActiveCfg = Release|Any CPU
		{180DDFFB-E244-4D8B-A606-5D1E2106F4C8}.Release|Any CPU.Build.0 = Release|Any CPU
		{A23CD45F-2E28-451E-AE95-4B0A1BA35A7A}.Debug|Any CPU.ActiveCfg = Debug|Any CPU
		{A23CD45F-2E28-451E-AE95-4B0A1BA35A7A}.Debug|Any CPU.Build.0 = Debug|Any CPU
		{A23CD45F-2E28-451E-AE95-4B0A1BA35A7A}.Release|Any CPU.ActiveCfg = Release|Any CPU
		{A23CD45F-2E28-451E-AE95-4B0A1BA35A7A}.Release|Any CPU.Build.0 = Release|Any CPU
		{E805DBEA-DE55-4A61-AD71-79D541C707F4}.Debug|Any CPU.ActiveCfg = Debug|Any CPU
		{E805DBEA-DE55-4A61-AD71-79D541C707F4}.Debug|Any CPU.Build.0 = Debug|Any CPU
		{E805DBEA-DE55-4A61-AD71-79D541C707F4}.Release|Any CPU.ActiveCfg = Release|Any CPU
		{E805DBEA-DE55-4A61-AD71-79D541C707F4}.Release|Any CPU.Build.0 = Release|Any CPU
		{297F1571-3027-4611-8685-590102C87526}.Debug|Any CPU.ActiveCfg = Debug|Any CPU
		{297F1571-3027-4611-8685-590102C87526}.Debug|Any CPU.Build.0 = Debug|Any CPU
		{297F1571-3027-4611-8685-590102C87526}.Release|Any CPU.ActiveCfg = Release|Any CPU
		{297F1571-3027-4611-8685-590102C87526}.Release|Any CPU.Build.0 = Release|Any CPU
		{9338C6B5-89CD-45FE-A6F3-5A5F16EA9499}.Debug|Any CPU.ActiveCfg = Debug|Any CPU
		{9338C6B5-89CD-45FE-A6F3-5A5F16EA9499}.Debug|Any CPU.Build.0 = Debug|Any CPU
		{9338C6B5-89CD-45FE-A6F3-5A5F16EA9499}.Release|Any CPU.ActiveCfg = Release|Any CPU
		{9338C6B5-89CD-45FE-A6F3-5A5F16EA9499}.Release|Any CPU.Build.0 = Release|Any CPU
		{91DC23B3-8D7C-43CF-B900-213C1AAA034A}.Debug|Any CPU.ActiveCfg = Debug|Any CPU
		{91DC23B3-8D7C-43CF-B900-213C1AAA034A}.Debug|Any CPU.Build.0 = Debug|Any CPU
		{91DC23B3-8D7C-43CF-B900-213C1AAA034A}.Release|Any CPU.ActiveCfg = Release|Any CPU
		{91DC23B3-8D7C-43CF-B900-213C1AAA034A}.Release|Any CPU.Build.0 = Release|Any CPU
		{272D046F-2505-4773-BBBA-A33EECE5151A}.Debug|Any CPU.ActiveCfg = Debug|Any CPU
		{272D046F-2505-4773-BBBA-A33EECE5151A}.Debug|Any CPU.Build.0 = Debug|Any CPU
		{272D046F-2505-4773-BBBA-A33EECE5151A}.Release|Any CPU.ActiveCfg = Release|Any CPU
		{272D046F-2505-4773-BBBA-A33EECE5151A}.Release|Any CPU.Build.0 = Release|Any CPU
	EndGlobalSection
	GlobalSection(NestedProjects) = preSolution
		{AAC46F79-57A6-4E96-9B81-3790691449D3} = {3E548EE5-4450-4445-BFC6-B7F906B11147}
		{714CA85F-9505-486F-BCBD-CB5D7B4EFDFA} = {2E85C327-0EFE-40B5-A6CF-6901CD4535A4}
		{836B45A5-87A7-43F8-B3D2-BFBD7C938639} = {3E548EE5-4450-4445-BFC6-B7F906B11147}
		{180DDFFB-E244-4D8B-A606-5D1E2106F4C8} = {3E548EE5-4450-4445-BFC6-B7F906B11147}
		{A23CD45F-2E28-451E-AE95-4B0A1BA35A7A} = {2E85C327-0EFE-40B5-A6CF-6901CD4535A4}
		{E805DBEA-DE55-4A61-AD71-79D541C707F4} = {2E85C327-0EFE-40B5-A6CF-6901CD4535A4}
		{297F1571-3027-4611-8685-590102C87526} = {3E548EE5-4450-4445-BFC6-B7F906B11147}
		{9338C6B5-89CD-45FE-A6F3-5A5F16EA9499} = {2E85C327-0EFE-40B5-A6CF-6901CD4535A4}
		{91DC23B3-8D7C-43CF-B900-213C1AAA034A} = {33DE3385-5AB4-409F-9F62-A03B502528F1}
		{272D046F-2505-4773-BBBA-A33EECE5151A} = {33DE3385-5AB4-409F-9F62-A03B502528F1}
	EndGlobalSection
EndGlobal
